
Microsoft Visual Studio Solution File, Format Version 12.00
# Visual Studio Version 16
VisualStudioVersion = 16.0.29728.190
MinimumVisualStudioVersion = 10.0.40219.1
Project("{FAE04EC0-301F-11D3-BF4B-00C04F79EFBC}") = "MariaDbAPI", "MariaDBAPI\MariaDbAPI.csproj", "{DD290BD4-2412-42E6-86F0-0CF593B101A0}"
EndProject
Global
	GlobalSection(SolutionConfigurationPlatforms) = preSolution
		Debug|Any CPU = Debug|Any CPU
		Release|Any CPU = Release|Any CPU
	EndGlobalSection
	GlobalSection(ProjectConfigurationPlatforms) = postSolution
		{DD290BD4-2412-42E6-86F0-0CF593B101A0}.Debug|Any CPU.ActiveCfg = Debug|Any CPU
		{DD290BD4-2412-42E6-86F0-0CF593B101A0}.Debug|Any CPU.Build.0 = Debug|Any CPU
		{DD290BD4-2412-42E6-86F0-0CF593B101A0}.Release|Any CPU.ActiveCfg = Release|Any CPU
		{DD290BD4-2412-42E6-86F0-0CF593B101A0}.Release|Any CPU.Build.0 = Release|Any CPU
	EndGlobalSection
	GlobalSection(SolutionProperties) = preSolution
		HideSolutionNode = FALSE
	EndGlobalSection
	GlobalSection(ExtensibilityGlobals) = postSolution
		SolutionGuid = {2DB88C70-2ED4-4407-8CD4-F26BD7BBC4B2}
	EndGlobalSection
EndGlobal
